
Microsoft Visual Studio Solution File, Format Version 12.00
# Visual Studio 14
VisualStudioVersion = 14.0.25420.1
MinimumVisualStudioVersion = 10.0.40219.1
Project("{2150E333-8FDC-42A3-9474-1A3956D46DE8}") = "Solution Items", "Solution Items", "{78E94854-9AF4-4255-9855-0A9E044088C9}"
	ProjectSection(SolutionItems) = preProject
		FluentMethods.snk = FluentMethods.snk
		GlobalAssemblyInfo.cs = GlobalAssemblyInfo.cs
	EndProjectSection
EndProject
Project("{FAE04EC0-301F-11D3-BF4B-00C04F79EFBC}") = "FluentMethods.Collections", "src\Collections\FluentMethods.Collections.csproj", "{99B964F3-CF4A-485A-BCBE-FB33E6583821}"
EndProject
Project("{FAE04EC0-301F-11D3-BF4B-00C04F79EFBC}") = "FluentMethods.Linq", "src\Linq\FluentMethods.Linq.csproj", "{42E25BEB-321B-444F-BF62-7D299C1A85D5}"
EndProject
Project("{FAE04EC0-301F-11D3-BF4B-00C04F79EFBC}") = "FluentMethods.Mvc", "src\Mvc\FluentMethods.Mvc.csproj", "{912EE9A8-46FA-4AA7-AC85-DFCD7FF50D76}"
EndProject
Project("{FAE04EC0-301F-11D3-BF4B-00C04F79EFBC}") = "FluentMethods.Data", "src\Data\FluentMethods.Data.csproj", "{FC3ACF1C-6CF6-4BF6-9382-BD93E7FE48FD}"
EndProject
Project("{FAE04EC0-301F-11D3-BF4B-00C04F79EFBC}") = "FluentMethods.Xml", "src\Xml\FluentMethods.Xml.csproj", "{751909AC-93B5-484C-9398-5FF7A532281A}"
EndProject
Project("{FAE04EC0-301F-11D3-BF4B-00C04F79EFBC}") = "FluentMethods.IO", "src\IO\FluentMethods.IO.csproj", "{BC744A3E-CD25-47FD-AE49-A9E8560111C9}"
EndProject
Project("{2150E333-8FDC-42A3-9474-1A3956D46DE8}") = "Core", "Core", "{81FA3C48-61A9-4F7D-B80F-24ECC71A70F7}"
EndProject
Project("{2150E333-8FDC-42A3-9474-1A3956D46DE8}") = "Collections", "Collections", "{017E019D-126C-4DB6-8E29-B796CA31B883}"
EndProject
Project("{2150E333-8FDC-42A3-9474-1A3956D46DE8}") = "Data", "Data", "{1B4C9938-AB2C-47B0-B45F-257C9206F381}"
EndProject
Project("{2150E333-8FDC-42A3-9474-1A3956D46DE8}") = "IO", "IO", "{D6181155-E09D-4048-9455-FF2396EFB18B}"
EndProject
Project("{2150E333-8FDC-42A3-9474-1A3956D46DE8}") = "Linq", "Linq", "{92B2B11C-9FD7-408F-942E-030366ADDB81}"
EndProject
Project("{2150E333-8FDC-42A3-9474-1A3956D46DE8}") = "Mvc", "Mvc", "{0A49EC90-2B37-4AE0-A0BE-D1C4BB25BBEA}"
EndProject
Project("{2150E333-8FDC-42A3-9474-1A3956D46DE8}") = "Reflection", "Reflection", "{4FA9F81D-6C05-449F-9C34-15DCE3273A0E}"
EndProject
Project("{2150E333-8FDC-42A3-9474-1A3956D46DE8}") = "Web", "Web", "{51517790-D18B-4884-A797-9E280B476BCA}"
EndProject
Project("{2150E333-8FDC-42A3-9474-1A3956D46DE8}") = "Xml", "Xml", "{26D20ECA-107D-424C-9D49-55295884DB17}"
EndProject
Project("{FAE04EC0-301F-11D3-BF4B-00C04F79EFBC}") = "FluentMethods.Core.net35", "build\net35\Core\FluentMethods.Core.net35.csproj", "{59DD64EC-172A-454A-A304-FFD93AF6C4C5}"
EndProject
Project("{FAE04EC0-301F-11D3-BF4B-00C04F79EFBC}") = "FluentMethods.Core.net45", "build\net45\Core\FluentMethods.Core.net45.csproj", "{64D46C48-56F1-4039-904A-870D9A3FB6B8}"
EndProject
Project("{8BB2217D-0F2D-49D1-97BC-3654ED321F3B}") = "FluentMethods.Core.netcore", "build\netcore\Core\FluentMethods.Core.netcore.xproj", "{0D4FD2C5-DA94-44E0-944D-D568913691AA}"
EndProject
Project("{FAE04EC0-301F-11D3-BF4B-00C04F79EFBC}") = "FluentMethods.Web.net35", "build\net35\Web\FluentMethods.Web.net35.csproj", "{9053F51F-2DEF-4A01-A77A-1E708CF120DE}"
EndProject
Project("{FAE04EC0-301F-11D3-BF4B-00C04F79EFBC}") = "FluentMethods.Web.net45", "build\net45\Web\FluentMethods.Web.net45.csproj", "{956732CE-EC86-4D01-8091-1D3F1D1D0F91}"
EndProject
Project("{FAE04EC0-301F-11D3-BF4B-00C04F79EFBC}") = "FluentMethods.Reflection.net35", "build\net35\Reflection\FluentMethods.Reflection.net35.csproj", "{9F307265-3620-498C-B3AF-169152C133FB}"
EndProject
Project("{FAE04EC0-301F-11D3-BF4B-00C04F79EFBC}") = "FluentMethods.Reflection.net45", "build\net45\Reflection\FluentMethods.Reflection.net45.csproj", "{DE3AF0FC-A840-41D3-BA93-6DCBF70949B4}"
EndProject
Project("{8BB2217D-0F2D-49D1-97BC-3654ED321F3B}") = "FluentMethods.Reflection.netcore", "build\netcore\Reflection\FluentMethods.Reflection.netcore.xproj", "{8A839E06-E1FD-4C2E-ACDB-6771937E001A}"
EndProject
Project("{FAE04EC0-301F-11D3-BF4B-00C04F79EFBC}") = "FluentMethods.Core.net40", "build\net40\Core\FluentMethods.Core.net40.csproj", "{8617F4EA-672B-44C1-AF4F-4505588E2016}"
EndProject
Project("{FAE04EC0-301F-11D3-BF4B-00C04F79EFBC}") = "FluentMethods.Web.net40", "build\net40\Web\FluentMethods.Web.net40.csproj", "{25BE96C1-1B72-4ABD-9A18-772A1925C9CD}"
EndProject
Project("{FAE04EC0-301F-11D3-BF4B-00C04F79EFBC}") = "FluentMethods.Reflection.net40", "build\net40\Reflection\FluentMethods.Reflection.net40.csproj", "{8310894C-681E-481E-903F-1BC0609A62A1}"
EndProject
Global
	GlobalSection(SolutionConfigurationPlatforms) = preSolution
		Debug|Any CPU = Debug|Any CPU
		Release|Any CPU = Release|Any CPU
	EndGlobalSection
	GlobalSection(ProjectConfigurationPlatforms) = postSolution
		{99B964F3-CF4A-485A-BCBE-FB33E6583821}.Debug|Any CPU.ActiveCfg = Debug|Any CPU
		{99B964F3-CF4A-485A-BCBE-FB33E6583821}.Debug|Any CPU.Build.0 = Debug|Any CPU
		{99B964F3-CF4A-485A-BCBE-FB33E6583821}.Release|Any CPU.ActiveCfg = Release|Any CPU
		{99B964F3-CF4A-485A-BCBE-FB33E6583821}.Release|Any CPU.Build.0 = Release|Any CPU
		{42E25BEB-321B-444F-BF62-7D299C1A85D5}.Debug|Any CPU.ActiveCfg = Debug|Any CPU
		{42E25BEB-321B-444F-BF62-7D299C1A85D5}.Debug|Any CPU.Build.0 = Debug|Any CPU
		{42E25BEB-321B-444F-BF62-7D299C1A85D5}.Release|Any CPU.ActiveCfg = Release|Any CPU
		{42E25BEB-321B-444F-BF62-7D299C1A85D5}.Release|Any CPU.Build.0 = Release|Any CPU
		{912EE9A8-46FA-4AA7-AC85-DFCD7FF50D76}.Debug|Any CPU.ActiveCfg = Debug|Any CPU
		{912EE9A8-46FA-4AA7-AC85-DFCD7FF50D76}.Debug|Any CPU.Build.0 = Debug|Any CPU
		{912EE9A8-46FA-4AA7-AC85-DFCD7FF50D76}.Release|Any CPU.ActiveCfg = Release|Any CPU
		{912EE9A8-46FA-4AA7-AC85-DFCD7FF50D76}.Release|Any CPU.Build.0 = Release|Any CPU
		{FC3ACF1C-6CF6-4BF6-9382-BD93E7FE48FD}.Debug|Any CPU.ActiveCfg = Debug|Any CPU
		{FC3ACF1C-6CF6-4BF6-9382-BD93E7FE48FD}.Debug|Any CPU.Build.0 = Debug|Any CPU
		{FC3ACF1C-6CF6-4BF6-9382-BD93E7FE48FD}.Release|Any CPU.ActiveCfg = Release|Any CPU
		{FC3ACF1C-6CF6-4BF6-9382-BD93E7FE48FD}.Release|Any CPU.Build.0 = Release|Any CPU
		{751909AC-93B5-484C-9398-5FF7A532281A}.Debug|Any CPU.ActiveCfg = Debug|Any CPU
		{751909AC-93B5-484C-9398-5FF7A532281A}.Debug|Any CPU.Build.0 = Debug|Any CPU
		{751909AC-93B5-484C-9398-5FF7A532281A}.Release|Any CPU.ActiveCfg = Release|Any CPU
		{751909AC-93B5-484C-9398-5FF7A532281A}.Release|Any CPU.Build.0 = Release|Any CPU
		{BC744A3E-CD25-47FD-AE49-A9E8560111C9}.Debug|Any CPU.ActiveCfg = Debug|Any CPU
		{BC744A3E-CD25-47FD-AE49-A9E8560111C9}.Debug|Any CPU.Build.0 = Debug|Any CPU
		{BC744A3E-CD25-47FD-AE49-A9E8560111C9}.Release|Any CPU.ActiveCfg = Release|Any CPU
		{BC744A3E-CD25-47FD-AE49-A9E8560111C9}.Release|Any CPU.Build.0 = Release|Any CPU
		{59DD64EC-172A-454A-A304-FFD93AF6C4C5}.Debug|Any CPU.ActiveCfg = Debug|Any CPU
		{59DD64EC-172A-454A-A304-FFD93AF6C4C5}.Debug|Any CPU.Build.0 = Debug|Any CPU
		{59DD64EC-172A-454A-A304-FFD93AF6C4C5}.Release|Any CPU.ActiveCfg = Release|Any CPU
		{59DD64EC-172A-454A-A304-FFD93AF6C4C5}.Release|Any CPU.Build.0 = Release|Any CPU
		{64D46C48-56F1-4039-904A-870D9A3FB6B8}.Debug|Any CPU.ActiveCfg = Debug|Any CPU
		{64D46C48-56F1-4039-904A-870D9A3FB6B8}.Debug|Any CPU.Build.0 = Debug|Any CPU
		{64D46C48-56F1-4039-904A-870D9A3FB6B8}.Release|Any CPU.ActiveCfg = Release|Any CPU
		{64D46C48-56F1-4039-904A-870D9A3FB6B8}.Release|Any CPU.Build.0 = Release|Any CPU
		{0D4FD2C5-DA94-44E0-944D-D568913691AA}.Debug|Any CPU.ActiveCfg = Debug|Any CPU
		{0D4FD2C5-DA94-44E0-944D-D568913691AA}.Debug|Any CPU.Build.0 = Debug|Any CPU
		{0D4FD2C5-DA94-44E0-944D-D568913691AA}.Release|Any CPU.ActiveCfg = Release|Any CPU
		{0D4FD2C5-DA94-44E0-944D-D568913691AA}.Release|Any CPU.Build.0 = Release|Any CPU
		{9053F51F-2DEF-4A01-A77A-1E708CF120DE}.Debug|Any CPU.ActiveCfg = Debug|Any CPU
		{9053F51F-2DEF-4A01-A77A-1E708CF120DE}.Debug|Any CPU.Build.0 = Debug|Any CPU
		{9053F51F-2DEF-4A01-A77A-1E708CF120DE}.Release|Any CPU.ActiveCfg = Release|Any CPU
		{9053F51F-2DEF-4A01-A77A-1E708CF120DE}.Release|Any CPU.Build.0 = Release|Any CPU
		{956732CE-EC86-4D01-8091-1D3F1D1D0F91}.Debug|Any CPU.ActiveCfg = Debug|Any CPU
		{956732CE-EC86-4D01-8091-1D3F1D1D0F91}.Debug|Any CPU.Build.0 = Debug|Any CPU
		{956732CE-EC86-4D01-8091-1D3F1D1D0F91}.Release|Any CPU.ActiveCfg = Release|Any CPU
		{956732CE-EC86-4D01-8091-1D3F1D1D0F91}.Release|Any CPU.Build.0 = Release|Any CPU
		{9F307265-3620-498C-B3AF-169152C133FB}.Debug|Any CPU.ActiveCfg = Debug|Any CPU
		{9F307265-3620-498C-B3AF-169152C133FB}.Debug|Any CPU.Build.0 = Debug|Any CPU
		{9F307265-3620-498C-B3AF-169152C133FB}.Release|Any CPU.ActiveCfg = Release|Any CPU
		{9F307265-3620-498C-B3AF-169152C133FB}.Release|Any CPU.Build.0 = Release|Any CPU
		{DE3AF0FC-A840-41D3-BA93-6DCBF70949B4}.Debug|Any CPU.ActiveCfg = Debug|Any CPU
		{DE3AF0FC-A840-41D3-BA93-6DCBF70949B4}.Debug|Any CPU.Build.0 = Debug|Any CPU
		{DE3AF0FC-A840-41D3-BA93-6DCBF70949B4}.Release|Any CPU.ActiveCfg = Release|Any CPU
		{DE3AF0FC-A840-41D3-BA93-6DCBF70949B4}.Release|Any CPU.Build.0 = Release|Any CPU
		{8A839E06-E1FD-4C2E-ACDB-6771937E001A}.Debug|Any CPU.ActiveCfg = Debug|Any CPU
		{8A839E06-E1FD-4C2E-ACDB-6771937E001A}.Debug|Any CPU.Build.0 = Debug|Any CPU
		{8A839E06-E1FD-4C2E-ACDB-6771937E001A}.Release|Any CPU.ActiveCfg = Release|Any CPU
		{8A839E06-E1FD-4C2E-ACDB-6771937E001A}.Release|Any CPU.Build.0 = Release|Any CPU
		{8617F4EA-672B-44C1-AF4F-4505588E2016}.Debug|Any CPU.ActiveCfg = Debug|Any CPU
		{8617F4EA-672B-44C1-AF4F-4505588E2016}.Debug|Any CPU.Build.0 = Debug|Any CPU
		{8617F4EA-672B-44C1-AF4F-4505588E2016}.Release|Any CPU.ActiveCfg = Release|Any CPU
		{8617F4EA-672B-44C1-AF4F-4505588E2016}.Release|Any CPU.Build.0 = Release|Any CPU
		{25BE96C1-1B72-4ABD-9A18-772A1925C9CD}.Debug|Any CPU.ActiveCfg = Debug|Any CPU
		{25BE96C1-1B72-4ABD-9A18-772A1925C9CD}.Debug|Any CPU.Build.0 = Debug|Any CPU
		{25BE96C1-1B72-4ABD-9A18-772A1925C9CD}.Release|Any CPU.ActiveCfg = Release|Any CPU
		{25BE96C1-1B72-4ABD-9A18-772A1925C9CD}.Release|Any CPU.Build.0 = Release|Any CPU
		{8310894C-681E-481E-903F-1BC0609A62A1}.Debug|Any CPU.ActiveCfg = Debug|Any CPU
		{8310894C-681E-481E-903F-1BC0609A62A1}.Debug|Any CPU.Build.0 = Debug|Any CPU
		{8310894C-681E-481E-903F-1BC0609A62A1}.Release|Any CPU.ActiveCfg = Release|Any CPU
		{8310894C-681E-481E-903F-1BC0609A62A1}.Release|Any CPU.Build.0 = Release|Any CPU
	EndGlobalSection
	GlobalSection(SolutionProperties) = preSolution
		HideSolutionNode = FALSE
	EndGlobalSection
	GlobalSection(NestedProjects) = preSolution
		{99B964F3-CF4A-485A-BCBE-FB33E6583821} = {017E019D-126C-4DB6-8E29-B796CA31B883}
		{42E25BEB-321B-444F-BF62-7D299C1A85D5} = {92B2B11C-9FD7-408F-942E-030366ADDB81}
		{912EE9A8-46FA-4AA7-AC85-DFCD7FF50D76} = {0A49EC90-2B37-4AE0-A0BE-D1C4BB25BBEA}
		{FC3ACF1C-6CF6-4BF6-9382-BD93E7FE48FD} = {1B4C9938-AB2C-47B0-B45F-257C9206F381}
		{751909AC-93B5-484C-9398-5FF7A532281A} = {26D20ECA-107D-424C-9D49-55295884DB17}
		{BC744A3E-CD25-47FD-AE49-A9E8560111C9} = {D6181155-E09D-4048-9455-FF2396EFB18B}
		{59DD64EC-172A-454A-A304-FFD93AF6C4C5} = {81FA3C48-61A9-4F7D-B80F-24ECC71A70F7}
		{64D46C48-56F1-4039-904A-870D9A3FB6B8} = {81FA3C48-61A9-4F7D-B80F-24ECC71A70F7}
		{0D4FD2C5-DA94-44E0-944D-D568913691AA} = {81FA3C48-61A9-4F7D-B80F-24ECC71A70F7}
		{9053F51F-2DEF-4A01-A77A-1E708CF120DE} = {51517790-D18B-4884-A797-9E280B476BCA}
		{956732CE-EC86-4D01-8091-1D3F1D1D0F91} = {51517790-D18B-4884-A797-9E280B476BCA}
		{9F307265-3620-498C-B3AF-169152C133FB} = {4FA9F81D-6C05-449F-9C34-15DCE3273A0E}
		{DE3AF0FC-A840-41D3-BA93-6DCBF70949B4} = {4FA9F81D-6C05-449F-9C34-15DCE3273A0E}
		{8A839E06-E1FD-4C2E-ACDB-6771937E001A} = {4FA9F81D-6C05-449F-9C34-15DCE3273A0E}
		{8617F4EA-672B-44C1-AF4F-4505588E2016} = {81FA3C48-61A9-4F7D-B80F-24ECC71A70F7}
		{25BE96C1-1B72-4ABD-9A18-772A1925C9CD} = {51517790-D18B-4884-A797-9E280B476BCA}
		{8310894C-681E-481E-903F-1BC0609A62A1} = {4FA9F81D-6C05-449F-9C34-15DCE3273A0E}
	EndGlobalSection
EndGlobal
