
Microsoft Visual Studio Solution File, Format Version 12.00
# Visual Studio 14
VisualStudioVersion = 14.0.25420.1
MinimumVisualStudioVersion = 10.0.40219.1
Project("{2150E333-8FDC-42A3-9474-1A3956D46DE8}") = "Solution Items", "Solution Items", "{78E94854-9AF4-4255-9855-0A9E044088C9}"
	ProjectSection(SolutionItems) = preProject
		FluentMethods.snk = FluentMethods.snk
		global.json = global.json
		GlobalAssemblyInfo.cs = GlobalAssemblyInfo.cs
	EndProjectSection
EndProject
Project("{FAE04EC0-301F-11D3-BF4B-00C04F79EFBC}") = "FluentMethods.Mvc", "src\Mvc\FluentMethods.Mvc.csproj", "{912EE9A8-46FA-4AA7-AC85-DFCD7FF50D76}"
EndProject
Project("{2150E333-8FDC-42A3-9474-1A3956D46DE8}") = "Core", "Core", "{81FA3C48-61A9-4F7D-B80F-24ECC71A70F7}"
EndProject
Project("{2150E333-8FDC-42A3-9474-1A3956D46DE8}") = "Collections", "Collections", "{017E019D-126C-4DB6-8E29-B796CA31B883}"
EndProject
Project("{2150E333-8FDC-42A3-9474-1A3956D46DE8}") = "Data", "Data", "{1B4C9938-AB2C-47B0-B45F-257C9206F381}"
EndProject
Project("{2150E333-8FDC-42A3-9474-1A3956D46DE8}") = "IO", "IO", "{D6181155-E09D-4048-9455-FF2396EFB18B}"
EndProject
Project("{2150E333-8FDC-42A3-9474-1A3956D46DE8}") = "Linq", "Linq", "{92B2B11C-9FD7-408F-942E-030366ADDB81}"
EndProject
Project("{2150E333-8FDC-42A3-9474-1A3956D46DE8}") = "Mvc", "Mvc", "{0A49EC90-2B37-4AE0-A0BE-D1C4BB25BBEA}"
EndProject
Project("{2150E333-8FDC-42A3-9474-1A3956D46DE8}") = "Reflection", "Reflection", "{4FA9F81D-6C05-449F-9C34-15DCE3273A0E}"
EndProject
Project("{2150E333-8FDC-42A3-9474-1A3956D46DE8}") = "Web", "Web", "{51517790-D18B-4884-A797-9E280B476BCA}"
EndProject
Project("{2150E333-8FDC-42A3-9474-1A3956D46DE8}") = "Xml", "Xml", "{26D20ECA-107D-424C-9D49-55295884DB17}"
EndProject
Project("{FAE04EC0-301F-11D3-BF4B-00C04F79EFBC}") = "FluentMethods.Core.net35", "build\net35\Core\FluentMethods.Core.net35.csproj", "{59DD64EC-172A-454A-A304-FFD93AF6C4C5}"
EndProject
Project("{FAE04EC0-301F-11D3-BF4B-00C04F79EFBC}") = "FluentMethods.Core.net45", "build\net45\Core\FluentMethods.Core.net45.csproj", "{64D46C48-56F1-4039-904A-870D9A3FB6B8}"
EndProject
Project("{8BB2217D-0F2D-49D1-97BC-3654ED321F3B}") = "FluentMethods.Core.netcore", "build\netcore\Core\FluentMethods.Core.netcore.xproj", "{0D4FD2C5-DA94-44E0-944D-D568913691AA}"
EndProject
Project("{FAE04EC0-301F-11D3-BF4B-00C04F79EFBC}") = "FluentMethods.Web.net35", "build\net35\Web\FluentMethods.Web.net35.csproj", "{9053F51F-2DEF-4A01-A77A-1E708CF120DE}"
EndProject
Project("{FAE04EC0-301F-11D3-BF4B-00C04F79EFBC}") = "FluentMethods.Web.net45", "build\net45\Web\FluentMethods.Web.net45.csproj", "{956732CE-EC86-4D01-8091-1D3F1D1D0F91}"
EndProject
Project("{FAE04EC0-301F-11D3-BF4B-00C04F79EFBC}") = "FluentMethods.Reflection.net35", "build\net35\Reflection\FluentMethods.Reflection.net35.csproj", "{9F307265-3620-498C-B3AF-169152C133FB}"
EndProject
Project("{FAE04EC0-301F-11D3-BF4B-00C04F79EFBC}") = "FluentMethods.Reflection.net45", "build\net45\Reflection\FluentMethods.Reflection.net45.csproj", "{DE3AF0FC-A840-41D3-BA93-6DCBF70949B4}"
EndProject
Project("{8BB2217D-0F2D-49D1-97BC-3654ED321F3B}") = "FluentMethods.Reflection.netcore", "build\netcore\Reflection\FluentMethods.Reflection.netcore.xproj", "{8A839E06-E1FD-4C2E-ACDB-6771937E001A}"
EndProject
Project("{FAE04EC0-301F-11D3-BF4B-00C04F79EFBC}") = "FluentMethods.Core.net40", "build\net40\Core\FluentMethods.Core.net40.csproj", "{8617F4EA-672B-44C1-AF4F-4505588E2016}"
EndProject
Project("{FAE04EC0-301F-11D3-BF4B-00C04F79EFBC}") = "FluentMethods.Web.net40", "build\net40\Web\FluentMethods.Web.net40.csproj", "{25BE96C1-1B72-4ABD-9A18-772A1925C9CD}"
EndProject
Project("{FAE04EC0-301F-11D3-BF4B-00C04F79EFBC}") = "FluentMethods.Reflection.net40", "build\net40\Reflection\FluentMethods.Reflection.net40.csproj", "{8310894C-681E-481E-903F-1BC0609A62A1}"
EndProject
Project("{FAE04EC0-301F-11D3-BF4B-00C04F79EFBC}") = "FluentMethods.Collections.net35", "build\net35\Collections\FluentMethods.Collections.net35.csproj", "{D16A20E4-341F-403C-8320-643A2F5591CE}"
EndProject
Project("{FAE04EC0-301F-11D3-BF4B-00C04F79EFBC}") = "FluentMethods.Collections.net40", "build\net40\Collections\FluentMethods.Collections.net40.csproj", "{55C80571-2AEB-4BC6-A41A-D78F2A98CE55}"
EndProject
Project("{FAE04EC0-301F-11D3-BF4B-00C04F79EFBC}") = "FluentMethods.Collections.net45", "build\net45\Collections\FluentMethods.Collections.net45.csproj", "{B036AE52-445E-454C-BC9E-8689BEC6E504}"
EndProject
Project("{8BB2217D-0F2D-49D1-97BC-3654ED321F3B}") = "FluentMethods.Collections.netcore", "build\netcore\Collections\FluentMethods.Collections.netcore.xproj", "{67223546-2F0A-4A08-B740-5D9CFAA4E49C}"
EndProject
Project("{FAE04EC0-301F-11D3-BF4B-00C04F79EFBC}") = "FluentMethods.Linq.net35", "build\net35\Linq\FluentMethods.Linq.net35.csproj", "{C45531E7-D22C-4FB6-AB23-D0034356FFCE}"
EndProject
Project("{FAE04EC0-301F-11D3-BF4B-00C04F79EFBC}") = "FluentMethods.Linq.net40", "build\net40\Linq\FluentMethods.Linq.net40.csproj", "{449F1631-153B-4B43-A279-F6572DFD3003}"
EndProject
Project("{FAE04EC0-301F-11D3-BF4B-00C04F79EFBC}") = "FluentMethods.Linq.net45", "build\net45\Linq\FluentMethods.Linq.net45.csproj", "{4D234CCC-E8E7-41D6-B1B3-A249EF48D81D}"
EndProject
Project("{8BB2217D-0F2D-49D1-97BC-3654ED321F3B}") = "FluentMethods.Linq.netcore", "build\netcore\Linq\FluentMethods.Linq.netcore.xproj", "{C0FCC8B4-C704-4236-8258-3A14D70D179D}"
EndProject
Project("{FAE04EC0-301F-11D3-BF4B-00C04F79EFBC}") = "FluentMethods.Data.net35", "build\net35\Data\FluentMethods.Data.net35.csproj", "{2FC56CBE-F256-4100-A5C0-5A3332492DF6}"
EndProject
Project("{FAE04EC0-301F-11D3-BF4B-00C04F79EFBC}") = "FluentMethods.Data.net40", "build\net40\Data\FluentMethods.Data.net40.csproj", "{01F55B79-B2A2-437C-9FEC-69639A559DEA}"
EndProject
Project("{8BB2217D-0F2D-49D1-97BC-3654ED321F3B}") = "FluentMethods.Data.netcore", "build\netcore\Data\FluentMethods.Data.netcore.xproj", "{28AAF392-72D2-44CD-AA26-03F55479AD91}"
EndProject
Project("{FAE04EC0-301F-11D3-BF4B-00C04F79EFBC}") = "FluentMethods.Xml.net35", "build\net35\Xml\FluentMethods.Xml.net35.csproj", "{E2D91FF3-5934-4D01-9F27-91AF2A79054B}"
EndProject
Project("{FAE04EC0-301F-11D3-BF4B-00C04F79EFBC}") = "FluentMethods.Xml.net40", "build\net40\Xml\FluentMethods.Xml.net40.csproj", "{90F926F6-D08B-4BF6-A26D-0ECFC07E4602}"
EndProject
Project("{8BB2217D-0F2D-49D1-97BC-3654ED321F3B}") = "FluentMethods.Xml.netcore", "build\netcore\Xml\FluentMethods.Xml.netcore.xproj", "{1C568684-9054-42A2-8507-CE1CEA4C9EF8}"
EndProject
Project("{FAE04EC0-301F-11D3-BF4B-00C04F79EFBC}") = "FluentMethods.IO.net35", "build\net35\IO\FluentMethods.IO.net35.csproj", "{B1B4DAC3-37D3-4C18-9F04-C046987E53B6}"
EndProject
Project("{FAE04EC0-301F-11D3-BF4B-00C04F79EFBC}") = "FluentMethods.IO.net40", "build\net40\IO\FluentMethods.IO.net40.csproj", "{684B7946-6F6B-49F6-BEA8-58C7D67A13B4}"
EndProject
Project("{8BB2217D-0F2D-49D1-97BC-3654ED321F3B}") = "FluentMethods.IO.netcore", "build\netcore\IO\FluentMethods.IO.netcore.xproj", "{A7790D34-8DA1-4950-90F7-0622FCC79767}"
EndProject
Project("{2150E333-8FDC-42A3-9474-1A3956D46DE8}") = "UnitTests", "UnitTests", "{5F9ED392-A817-4C20-8C21-E6BB1A3893B8}"
EndProject
Project("{FAE04EC0-301F-11D3-BF4B-00C04F79EFBC}") = "FluentMethods.UnitTests.net45", "test\FluentMethods.UnitTests.net45.csproj", "{A73E2108-AB73-426D-8729-0279866C8416}"
EndProject
Project("{FAE04EC0-301F-11D3-BF4B-00C04F79EFBC}") = "FluentMethods.Data.net45", "build\net45\Data\FluentMethods.Data.net45.csproj", "{3FC42139-28D2-43E0-B378-82928CC2971A}"
EndProject
Global
	GlobalSection(SolutionConfigurationPlatforms) = preSolution
		Debug|Any CPU = Debug|Any CPU
		Release|Any CPU = Release|Any CPU
	EndGlobalSection
	GlobalSection(ProjectConfigurationPlatforms) = postSolution
		{912EE9A8-46FA-4AA7-AC85-DFCD7FF50D76}.Debug|Any CPU.ActiveCfg = Debug|Any CPU
		{912EE9A8-46FA-4AA7-AC85-DFCD7FF50D76}.Debug|Any CPU.Build.0 = Debug|Any CPU
		{912EE9A8-46FA-4AA7-AC85-DFCD7FF50D76}.Release|Any CPU.ActiveCfg = Release|Any CPU
		{912EE9A8-46FA-4AA7-AC85-DFCD7FF50D76}.Release|Any CPU.Build.0 = Release|Any CPU
		{59DD64EC-172A-454A-A304-FFD93AF6C4C5}.Debug|Any CPU.ActiveCfg = Debug|Any CPU
		{59DD64EC-172A-454A-A304-FFD93AF6C4C5}.Debug|Any CPU.Build.0 = Debug|Any CPU
		{59DD64EC-172A-454A-A304-FFD93AF6C4C5}.Release|Any CPU.ActiveCfg = Release|Any CPU
		{59DD64EC-172A-454A-A304-FFD93AF6C4C5}.Release|Any CPU.Build.0 = Release|Any CPU
		{64D46C48-56F1-4039-904A-870D9A3FB6B8}.Debug|Any CPU.ActiveCfg = Debug|Any CPU
		{64D46C48-56F1-4039-904A-870D9A3FB6B8}.Debug|Any CPU.Build.0 = Debug|Any CPU
		{64D46C48-56F1-4039-904A-870D9A3FB6B8}.Release|Any CPU.ActiveCfg = Release|Any CPU
		{64D46C48-56F1-4039-904A-870D9A3FB6B8}.Release|Any CPU.Build.0 = Release|Any CPU
		{0D4FD2C5-DA94-44E0-944D-D568913691AA}.Debug|Any CPU.ActiveCfg = Debug|Any CPU
		{0D4FD2C5-DA94-44E0-944D-D568913691AA}.Debug|Any CPU.Build.0 = Debug|Any CPU
		{0D4FD2C5-DA94-44E0-944D-D568913691AA}.Release|Any CPU.ActiveCfg = Release|Any CPU
		{0D4FD2C5-DA94-44E0-944D-D568913691AA}.Release|Any CPU.Build.0 = Release|Any CPU
		{9053F51F-2DEF-4A01-A77A-1E708CF120DE}.Debug|Any CPU.ActiveCfg = Debug|Any CPU
		{9053F51F-2DEF-4A01-A77A-1E708CF120DE}.Debug|Any CPU.Build.0 = Debug|Any CPU
		{9053F51F-2DEF-4A01-A77A-1E708CF120DE}.Release|Any CPU.ActiveCfg = Release|Any CPU
		{9053F51F-2DEF-4A01-A77A-1E708CF120DE}.Release|Any CPU.Build.0 = Release|Any CPU
		{956732CE-EC86-4D01-8091-1D3F1D1D0F91}.Debug|Any CPU.ActiveCfg = Debug|Any CPU
		{956732CE-EC86-4D01-8091-1D3F1D1D0F91}.Debug|Any CPU.Build.0 = Debug|Any CPU
		{956732CE-EC86-4D01-8091-1D3F1D1D0F91}.Release|Any CPU.ActiveCfg = Release|Any CPU
		{956732CE-EC86-4D01-8091-1D3F1D1D0F91}.Release|Any CPU.Build.0 = Release|Any CPU
		{9F307265-3620-498C-B3AF-169152C133FB}.Debug|Any CPU.ActiveCfg = Debug|Any CPU
		{9F307265-3620-498C-B3AF-169152C133FB}.Debug|Any CPU.Build.0 = Debug|Any CPU
		{9F307265-3620-498C-B3AF-169152C133FB}.Release|Any CPU.ActiveCfg = Release|Any CPU
		{9F307265-3620-498C-B3AF-169152C133FB}.Release|Any CPU.Build.0 = Release|Any CPU
		{DE3AF0FC-A840-41D3-BA93-6DCBF70949B4}.Debug|Any CPU.ActiveCfg = Debug|Any CPU
		{DE3AF0FC-A840-41D3-BA93-6DCBF70949B4}.Debug|Any CPU.Build.0 = Debug|Any CPU
		{DE3AF0FC-A840-41D3-BA93-6DCBF70949B4}.Release|Any CPU.ActiveCfg = Release|Any CPU
		{DE3AF0FC-A840-41D3-BA93-6DCBF70949B4}.Release|Any CPU.Build.0 = Release|Any CPU
		{8A839E06-E1FD-4C2E-ACDB-6771937E001A}.Debug|Any CPU.ActiveCfg = Debug|Any CPU
		{8A839E06-E1FD-4C2E-ACDB-6771937E001A}.Debug|Any CPU.Build.0 = Debug|Any CPU
		{8A839E06-E1FD-4C2E-ACDB-6771937E001A}.Release|Any CPU.ActiveCfg = Release|Any CPU
		{8A839E06-E1FD-4C2E-ACDB-6771937E001A}.Release|Any CPU.Build.0 = Release|Any CPU
		{8617F4EA-672B-44C1-AF4F-4505588E2016}.Debug|Any CPU.ActiveCfg = Debug|Any CPU
		{8617F4EA-672B-44C1-AF4F-4505588E2016}.Debug|Any CPU.Build.0 = Debug|Any CPU
		{8617F4EA-672B-44C1-AF4F-4505588E2016}.Release|Any CPU.ActiveCfg = Release|Any CPU
		{8617F4EA-672B-44C1-AF4F-4505588E2016}.Release|Any CPU.Build.0 = Release|Any CPU
		{25BE96C1-1B72-4ABD-9A18-772A1925C9CD}.Debug|Any CPU.ActiveCfg = Debug|Any CPU
		{25BE96C1-1B72-4ABD-9A18-772A1925C9CD}.Debug|Any CPU.Build.0 = Debug|Any CPU
		{25BE96C1-1B72-4ABD-9A18-772A1925C9CD}.Release|Any CPU.ActiveCfg = Release|Any CPU
		{25BE96C1-1B72-4ABD-9A18-772A1925C9CD}.Release|Any CPU.Build.0 = Release|Any CPU
		{8310894C-681E-481E-903F-1BC0609A62A1}.Debug|Any CPU.ActiveCfg = Debug|Any CPU
		{8310894C-681E-481E-903F-1BC0609A62A1}.Debug|Any CPU.Build.0 = Debug|Any CPU
		{8310894C-681E-481E-903F-1BC0609A62A1}.Release|Any CPU.ActiveCfg = Release|Any CPU
		{8310894C-681E-481E-903F-1BC0609A62A1}.Release|Any CPU.Build.0 = Release|Any CPU
		{D16A20E4-341F-403C-8320-643A2F5591CE}.Debug|Any CPU.ActiveCfg = Debug|Any CPU
		{D16A20E4-341F-403C-8320-643A2F5591CE}.Debug|Any CPU.Build.0 = Debug|Any CPU
		{D16A20E4-341F-403C-8320-643A2F5591CE}.Release|Any CPU.ActiveCfg = Release|Any CPU
		{D16A20E4-341F-403C-8320-643A2F5591CE}.Release|Any CPU.Build.0 = Release|Any CPU
		{55C80571-2AEB-4BC6-A41A-D78F2A98CE55}.Debug|Any CPU.ActiveCfg = Debug|Any CPU
		{55C80571-2AEB-4BC6-A41A-D78F2A98CE55}.Debug|Any CPU.Build.0 = Debug|Any CPU
		{55C80571-2AEB-4BC6-A41A-D78F2A98CE55}.Release|Any CPU.ActiveCfg = Release|Any CPU
		{55C80571-2AEB-4BC6-A41A-D78F2A98CE55}.Release|Any CPU.Build.0 = Release|Any CPU
		{B036AE52-445E-454C-BC9E-8689BEC6E504}.Debug|Any CPU.ActiveCfg = Debug|Any CPU
		{B036AE52-445E-454C-BC9E-8689BEC6E504}.Debug|Any CPU.Build.0 = Debug|Any CPU
		{B036AE52-445E-454C-BC9E-8689BEC6E504}.Release|Any CPU.ActiveCfg = Release|Any CPU
		{B036AE52-445E-454C-BC9E-8689BEC6E504}.Release|Any CPU.Build.0 = Release|Any CPU
		{67223546-2F0A-4A08-B740-5D9CFAA4E49C}.Debug|Any CPU.ActiveCfg = Debug|Any CPU
		{67223546-2F0A-4A08-B740-5D9CFAA4E49C}.Debug|Any CPU.Build.0 = Debug|Any CPU
		{67223546-2F0A-4A08-B740-5D9CFAA4E49C}.Release|Any CPU.ActiveCfg = Release|Any CPU
		{67223546-2F0A-4A08-B740-5D9CFAA4E49C}.Release|Any CPU.Build.0 = Release|Any CPU
		{C45531E7-D22C-4FB6-AB23-D0034356FFCE}.Debug|Any CPU.ActiveCfg = Debug|Any CPU
		{C45531E7-D22C-4FB6-AB23-D0034356FFCE}.Debug|Any CPU.Build.0 = Debug|Any CPU
		{C45531E7-D22C-4FB6-AB23-D0034356FFCE}.Release|Any CPU.ActiveCfg = Release|Any CPU
		{C45531E7-D22C-4FB6-AB23-D0034356FFCE}.Release|Any CPU.Build.0 = Release|Any CPU
		{449F1631-153B-4B43-A279-F6572DFD3003}.Debug|Any CPU.ActiveCfg = Debug|Any CPU
		{449F1631-153B-4B43-A279-F6572DFD3003}.Debug|Any CPU.Build.0 = Debug|Any CPU
		{449F1631-153B-4B43-A279-F6572DFD3003}.Release|Any CPU.ActiveCfg = Release|Any CPU
		{449F1631-153B-4B43-A279-F6572DFD3003}.Release|Any CPU.Build.0 = Release|Any CPU
		{4D234CCC-E8E7-41D6-B1B3-A249EF48D81D}.Debug|Any CPU.ActiveCfg = Debug|Any CPU
		{4D234CCC-E8E7-41D6-B1B3-A249EF48D81D}.Debug|Any CPU.Build.0 = Debug|Any CPU
		{4D234CCC-E8E7-41D6-B1B3-A249EF48D81D}.Release|Any CPU.ActiveCfg = Release|Any CPU
		{4D234CCC-E8E7-41D6-B1B3-A249EF48D81D}.Release|Any CPU.Build.0 = Release|Any CPU
		{C0FCC8B4-C704-4236-8258-3A14D70D179D}.Debug|Any CPU.ActiveCfg = Debug|Any CPU
		{C0FCC8B4-C704-4236-8258-3A14D70D179D}.Debug|Any CPU.Build.0 = Debug|Any CPU
		{C0FCC8B4-C704-4236-8258-3A14D70D179D}.Release|Any CPU.ActiveCfg = Release|Any CPU
		{C0FCC8B4-C704-4236-8258-3A14D70D179D}.Release|Any CPU.Build.0 = Release|Any CPU
		{2FC56CBE-F256-4100-A5C0-5A3332492DF6}.Debug|Any CPU.ActiveCfg = Debug|Any CPU
		{2FC56CBE-F256-4100-A5C0-5A3332492DF6}.Debug|Any CPU.Build.0 = Debug|Any CPU
		{2FC56CBE-F256-4100-A5C0-5A3332492DF6}.Release|Any CPU.ActiveCfg = Release|Any CPU
		{2FC56CBE-F256-4100-A5C0-5A3332492DF6}.Release|Any CPU.Build.0 = Release|Any CPU
		{01F55B79-B2A2-437C-9FEC-69639A559DEA}.Debug|Any CPU.ActiveCfg = Debug|Any CPU
		{01F55B79-B2A2-437C-9FEC-69639A559DEA}.Debug|Any CPU.Build.0 = Debug|Any CPU
		{01F55B79-B2A2-437C-9FEC-69639A559DEA}.Release|Any CPU.ActiveCfg = Release|Any CPU
		{01F55B79-B2A2-437C-9FEC-69639A559DEA}.Release|Any CPU.Build.0 = Release|Any CPU
		{28AAF392-72D2-44CD-AA26-03F55479AD91}.Debug|Any CPU.ActiveCfg = Debug|Any CPU
		{28AAF392-72D2-44CD-AA26-03F55479AD91}.Debug|Any CPU.Build.0 = Debug|Any CPU
		{28AAF392-72D2-44CD-AA26-03F55479AD91}.Release|Any CPU.ActiveCfg = Release|Any CPU
		{28AAF392-72D2-44CD-AA26-03F55479AD91}.Release|Any CPU.Build.0 = Release|Any CPU
		{E2D91FF3-5934-4D01-9F27-91AF2A79054B}.Debug|Any CPU.ActiveCfg = Debug|Any CPU
		{E2D91FF3-5934-4D01-9F27-91AF2A79054B}.Debug|Any CPU.Build.0 = Debug|Any CPU
		{E2D91FF3-5934-4D01-9F27-91AF2A79054B}.Release|Any CPU.ActiveCfg = Release|Any CPU
		{E2D91FF3-5934-4D01-9F27-91AF2A79054B}.Release|Any CPU.Build.0 = Release|Any CPU
		{90F926F6-D08B-4BF6-A26D-0ECFC07E4602}.Debug|Any CPU.ActiveCfg = Debug|Any CPU
		{90F926F6-D08B-4BF6-A26D-0ECFC07E4602}.Debug|Any CPU.Build.0 = Debug|Any CPU
		{90F926F6-D08B-4BF6-A26D-0ECFC07E4602}.Release|Any CPU.ActiveCfg = Release|Any CPU
		{90F926F6-D08B-4BF6-A26D-0ECFC07E4602}.Release|Any CPU.Build.0 = Release|Any CPU
		{1C568684-9054-42A2-8507-CE1CEA4C9EF8}.Debug|Any CPU.ActiveCfg = Debug|Any CPU
		{1C568684-9054-42A2-8507-CE1CEA4C9EF8}.Debug|Any CPU.Build.0 = Debug|Any CPU
		{1C568684-9054-42A2-8507-CE1CEA4C9EF8}.Release|Any CPU.ActiveCfg = Release|Any CPU
		{1C568684-9054-42A2-8507-CE1CEA4C9EF8}.Release|Any CPU.Build.0 = Release|Any CPU
		{B1B4DAC3-37D3-4C18-9F04-C046987E53B6}.Debug|Any CPU.ActiveCfg = Debug|Any CPU
		{B1B4DAC3-37D3-4C18-9F04-C046987E53B6}.Debug|Any CPU.Build.0 = Debug|Any CPU
		{B1B4DAC3-37D3-4C18-9F04-C046987E53B6}.Release|Any CPU.ActiveCfg = Release|Any CPU
		{B1B4DAC3-37D3-4C18-9F04-C046987E53B6}.Release|Any CPU.Build.0 = Release|Any CPU
		{684B7946-6F6B-49F6-BEA8-58C7D67A13B4}.Debug|Any CPU.ActiveCfg = Debug|Any CPU
		{684B7946-6F6B-49F6-BEA8-58C7D67A13B4}.Debug|Any CPU.Build.0 = Debug|Any CPU
		{684B7946-6F6B-49F6-BEA8-58C7D67A13B4}.Release|Any CPU.ActiveCfg = Release|Any CPU
		{684B7946-6F6B-49F6-BEA8-58C7D67A13B4}.Release|Any CPU.Build.0 = Release|Any CPU
		{A7790D34-8DA1-4950-90F7-0622FCC79767}.Debug|Any CPU.ActiveCfg = Debug|Any CPU
		{A7790D34-8DA1-4950-90F7-0622FCC79767}.Debug|Any CPU.Build.0 = Debug|Any CPU
		{A7790D34-8DA1-4950-90F7-0622FCC79767}.Release|Any CPU.ActiveCfg = Release|Any CPU
		{A7790D34-8DA1-4950-90F7-0622FCC79767}.Release|Any CPU.Build.0 = Release|Any CPU
		{A73E2108-AB73-426D-8729-0279866C8416}.Debug|Any CPU.ActiveCfg = Debug|Any CPU
		{A73E2108-AB73-426D-8729-0279866C8416}.Debug|Any CPU.Build.0 = Debug|Any CPU
		{A73E2108-AB73-426D-8729-0279866C8416}.Release|Any CPU.ActiveCfg = Release|Any CPU
		{A73E2108-AB73-426D-8729-0279866C8416}.Release|Any CPU.Build.0 = Release|Any CPU
		{3FC42139-28D2-43E0-B378-82928CC2971A}.Debug|Any CPU.ActiveCfg = Debug|Any CPU
		{3FC42139-28D2-43E0-B378-82928CC2971A}.Debug|Any CPU.Build.0 = Debug|Any CPU
		{3FC42139-28D2-43E0-B378-82928CC2971A}.Release|Any CPU.ActiveCfg = Release|Any CPU
		{3FC42139-28D2-43E0-B378-82928CC2971A}.Release|Any CPU.Build.0 = Release|Any CPU
	EndGlobalSection
	GlobalSection(SolutionProperties) = preSolution
		HideSolutionNode = FALSE
	EndGlobalSection
	GlobalSection(NestedProjects) = preSolution
		{912EE9A8-46FA-4AA7-AC85-DFCD7FF50D76} = {0A49EC90-2B37-4AE0-A0BE-D1C4BB25BBEA}
		{59DD64EC-172A-454A-A304-FFD93AF6C4C5} = {81FA3C48-61A9-4F7D-B80F-24ECC71A70F7}
		{64D46C48-56F1-4039-904A-870D9A3FB6B8} = {81FA3C48-61A9-4F7D-B80F-24ECC71A70F7}
		{0D4FD2C5-DA94-44E0-944D-D568913691AA} = {81FA3C48-61A9-4F7D-B80F-24ECC71A70F7}
		{9053F51F-2DEF-4A01-A77A-1E708CF120DE} = {51517790-D18B-4884-A797-9E280B476BCA}
		{956732CE-EC86-4D01-8091-1D3F1D1D0F91} = {51517790-D18B-4884-A797-9E280B476BCA}
		{9F307265-3620-498C-B3AF-169152C133FB} = {4FA9F81D-6C05-449F-9C34-15DCE3273A0E}
		{DE3AF0FC-A840-41D3-BA93-6DCBF70949B4} = {4FA9F81D-6C05-449F-9C34-15DCE3273A0E}
		{8A839E06-E1FD-4C2E-ACDB-6771937E001A} = {4FA9F81D-6C05-449F-9C34-15DCE3273A0E}
		{8617F4EA-672B-44C1-AF4F-4505588E2016} = {81FA3C48-61A9-4F7D-B80F-24ECC71A70F7}
		{25BE96C1-1B72-4ABD-9A18-772A1925C9CD} = {51517790-D18B-4884-A797-9E280B476BCA}
		{8310894C-681E-481E-903F-1BC0609A62A1} = {4FA9F81D-6C05-449F-9C34-15DCE3273A0E}
		{D16A20E4-341F-403C-8320-643A2F5591CE} = {017E019D-126C-4DB6-8E29-B796CA31B883}
		{55C80571-2AEB-4BC6-A41A-D78F2A98CE55} = {017E019D-126C-4DB6-8E29-B796CA31B883}
		{B036AE52-445E-454C-BC9E-8689BEC6E504} = {017E019D-126C-4DB6-8E29-B796CA31B883}
		{67223546-2F0A-4A08-B740-5D9CFAA4E49C} = {017E019D-126C-4DB6-8E29-B796CA31B883}
		{C45531E7-D22C-4FB6-AB23-D0034356FFCE} = {92B2B11C-9FD7-408F-942E-030366ADDB81}
		{449F1631-153B-4B43-A279-F6572DFD3003} = {92B2B11C-9FD7-408F-942E-030366ADDB81}
		{4D234CCC-E8E7-41D6-B1B3-A249EF48D81D} = {92B2B11C-9FD7-408F-942E-030366ADDB81}
		{C0FCC8B4-C704-4236-8258-3A14D70D179D} = {92B2B11C-9FD7-408F-942E-030366ADDB81}
		{2FC56CBE-F256-4100-A5C0-5A3332492DF6} = {1B4C9938-AB2C-47B0-B45F-257C9206F381}
		{01F55B79-B2A2-437C-9FEC-69639A559DEA} = {1B4C9938-AB2C-47B0-B45F-257C9206F381}
		{28AAF392-72D2-44CD-AA26-03F55479AD91} = {1B4C9938-AB2C-47B0-B45F-257C9206F381}
		{E2D91FF3-5934-4D01-9F27-91AF2A79054B} = {26D20ECA-107D-424C-9D49-55295884DB17}
		{90F926F6-D08B-4BF6-A26D-0ECFC07E4602} = {26D20ECA-107D-424C-9D49-55295884DB17}
		{1C568684-9054-42A2-8507-CE1CEA4C9EF8} = {26D20ECA-107D-424C-9D49-55295884DB17}
		{B1B4DAC3-37D3-4C18-9F04-C046987E53B6} = {D6181155-E09D-4048-9455-FF2396EFB18B}
		{684B7946-6F6B-49F6-BEA8-58C7D67A13B4} = {D6181155-E09D-4048-9455-FF2396EFB18B}
		{A7790D34-8DA1-4950-90F7-0622FCC79767} = {D6181155-E09D-4048-9455-FF2396EFB18B}
		{A73E2108-AB73-426D-8729-0279866C8416} = {5F9ED392-A817-4C20-8C21-E6BB1A3893B8}
		{3FC42139-28D2-43E0-B378-82928CC2971A} = {1B4C9938-AB2C-47B0-B45F-257C9206F381}
	EndGlobalSection
EndGlobal
