
Microsoft Visual Studio Solution File, Format Version 12.00
# Visual Studio 14
VisualStudioVersion = 14.0.25420.1
MinimumVisualStudioVersion = 10.0.40219.1
Project("{FAE04EC0-301F-11D3-BF4B-00C04F79EFBC}") = "FluentMethods.Core", "src\Core\FluentMethods.Core.csproj", "{2487DB59-C58E-41EC-8D37-54AD60FBA722}"
EndProject
Project("{FAE04EC0-301F-11D3-BF4B-00C04F79EFBC}") = "FluentMethods.Web", "src\Web\FluentMethods.Web.csproj", "{2FD1207F-CAAF-4B2D-BE86-FE2148EFFEFB}"
EndProject
Project("{2150E333-8FDC-42A3-9474-1A3956D46DE8}") = "Solution Items", "Solution Items", "{78E94854-9AF4-4255-9855-0A9E044088C9}"
	ProjectSection(SolutionItems) = preProject
		FluentMethods.snk = FluentMethods.snk
		GlobalAssemblyInfo.cs = GlobalAssemblyInfo.cs
	EndProjectSection
EndProject
Project("{FAE04EC0-301F-11D3-BF4B-00C04F79EFBC}") = "FluentMethods.Collections", "src\Collections\FluentMethods.Collections.csproj", "{99B964F3-CF4A-485A-BCBE-FB33E6583821}"
EndProject
Project("{FAE04EC0-301F-11D3-BF4B-00C04F79EFBC}") = "FluentMethods.Linq", "src\Linq\FluentMethods.Linq.csproj", "{42E25BEB-321B-444F-BF62-7D299C1A85D5}"
EndProject
Project("{FAE04EC0-301F-11D3-BF4B-00C04F79EFBC}") = "FluentMethods.Mvc", "src\Mvc\FluentMethods.Mvc.csproj", "{912EE9A8-46FA-4AA7-AC85-DFCD7FF50D76}"
EndProject
Project("{FAE04EC0-301F-11D3-BF4B-00C04F79EFBC}") = "FluentMethods.Reflection", "src\Reflection\FluentMethods.Reflection.csproj", "{960E1CA8-F261-41C8-AEBC-7286B682796E}"
EndProject
Project("{FAE04EC0-301F-11D3-BF4B-00C04F79EFBC}") = "FluentMethods.Data", "src\Data\FluentMethods.Data.csproj", "{FC3ACF1C-6CF6-4BF6-9382-BD93E7FE48FD}"
EndProject
Project("{FAE04EC0-301F-11D3-BF4B-00C04F79EFBC}") = "FluentMethods.Xml", "src\Xml\FluentMethods.Xml.csproj", "{751909AC-93B5-484C-9398-5FF7A532281A}"
EndProject
Project("{FAE04EC0-301F-11D3-BF4B-00C04F79EFBC}") = "FluentMethods.IO", "src\IO\FluentMethods.IO.csproj", "{BC744A3E-CD25-47FD-AE49-A9E8560111C9}"
EndProject
Global
	GlobalSection(SolutionConfigurationPlatforms) = preSolution
		Debug|Any CPU = Debug|Any CPU
		Release|Any CPU = Release|Any CPU
	EndGlobalSection
	GlobalSection(ProjectConfigurationPlatforms) = postSolution
		{2487DB59-C58E-41EC-8D37-54AD60FBA722}.Debug|Any CPU.ActiveCfg = Debug|Any CPU
		{2487DB59-C58E-41EC-8D37-54AD60FBA722}.Debug|Any CPU.Build.0 = Debug|Any CPU
		{2487DB59-C58E-41EC-8D37-54AD60FBA722}.Release|Any CPU.ActiveCfg = Release|Any CPU
		{2487DB59-C58E-41EC-8D37-54AD60FBA722}.Release|Any CPU.Build.0 = Release|Any CPU
		{2FD1207F-CAAF-4B2D-BE86-FE2148EFFEFB}.Debug|Any CPU.ActiveCfg = Debug|Any CPU
		{2FD1207F-CAAF-4B2D-BE86-FE2148EFFEFB}.Debug|Any CPU.Build.0 = Debug|Any CPU
		{2FD1207F-CAAF-4B2D-BE86-FE2148EFFEFB}.Release|Any CPU.ActiveCfg = Release|Any CPU
		{2FD1207F-CAAF-4B2D-BE86-FE2148EFFEFB}.Release|Any CPU.Build.0 = Release|Any CPU
		{99B964F3-CF4A-485A-BCBE-FB33E6583821}.Debug|Any CPU.ActiveCfg = Debug|Any CPU
		{99B964F3-CF4A-485A-BCBE-FB33E6583821}.Debug|Any CPU.Build.0 = Debug|Any CPU
		{99B964F3-CF4A-485A-BCBE-FB33E6583821}.Release|Any CPU.ActiveCfg = Release|Any CPU
		{99B964F3-CF4A-485A-BCBE-FB33E6583821}.Release|Any CPU.Build.0 = Release|Any CPU
		{42E25BEB-321B-444F-BF62-7D299C1A85D5}.Debug|Any CPU.ActiveCfg = Debug|Any CPU
		{42E25BEB-321B-444F-BF62-7D299C1A85D5}.Debug|Any CPU.Build.0 = Debug|Any CPU
		{42E25BEB-321B-444F-BF62-7D299C1A85D5}.Release|Any CPU.ActiveCfg = Release|Any CPU
		{42E25BEB-321B-444F-BF62-7D299C1A85D5}.Release|Any CPU.Build.0 = Release|Any CPU
		{912EE9A8-46FA-4AA7-AC85-DFCD7FF50D76}.Debug|Any CPU.ActiveCfg = Debug|Any CPU
		{912EE9A8-46FA-4AA7-AC85-DFCD7FF50D76}.Debug|Any CPU.Build.0 = Debug|Any CPU
		{912EE9A8-46FA-4AA7-AC85-DFCD7FF50D76}.Release|Any CPU.ActiveCfg = Release|Any CPU
		{912EE9A8-46FA-4AA7-AC85-DFCD7FF50D76}.Release|Any CPU.Build.0 = Release|Any CPU
		{960E1CA8-F261-41C8-AEBC-7286B682796E}.Debug|Any CPU.ActiveCfg = Debug|Any CPU
		{960E1CA8-F261-41C8-AEBC-7286B682796E}.Debug|Any CPU.Build.0 = Debug|Any CPU
		{960E1CA8-F261-41C8-AEBC-7286B682796E}.Release|Any CPU.ActiveCfg = Release|Any CPU
		{960E1CA8-F261-41C8-AEBC-7286B682796E}.Release|Any CPU.Build.0 = Release|Any CPU
		{FC3ACF1C-6CF6-4BF6-9382-BD93E7FE48FD}.Debug|Any CPU.ActiveCfg = Debug|Any CPU
		{FC3ACF1C-6CF6-4BF6-9382-BD93E7FE48FD}.Debug|Any CPU.Build.0 = Debug|Any CPU
		{FC3ACF1C-6CF6-4BF6-9382-BD93E7FE48FD}.Release|Any CPU.ActiveCfg = Release|Any CPU
		{FC3ACF1C-6CF6-4BF6-9382-BD93E7FE48FD}.Release|Any CPU.Build.0 = Release|Any CPU
		{751909AC-93B5-484C-9398-5FF7A532281A}.Debug|Any CPU.ActiveCfg = Debug|Any CPU
		{751909AC-93B5-484C-9398-5FF7A532281A}.Debug|Any CPU.Build.0 = Debug|Any CPU
		{751909AC-93B5-484C-9398-5FF7A532281A}.Release|Any CPU.ActiveCfg = Release|Any CPU
		{751909AC-93B5-484C-9398-5FF7A532281A}.Release|Any CPU.Build.0 = Release|Any CPU
		{BC744A3E-CD25-47FD-AE49-A9E8560111C9}.Debug|Any CPU.ActiveCfg = Debug|Any CPU
		{BC744A3E-CD25-47FD-AE49-A9E8560111C9}.Debug|Any CPU.Build.0 = Debug|Any CPU
		{BC744A3E-CD25-47FD-AE49-A9E8560111C9}.Release|Any CPU.ActiveCfg = Release|Any CPU
		{BC744A3E-CD25-47FD-AE49-A9E8560111C9}.Release|Any CPU.Build.0 = Release|Any CPU
	EndGlobalSection
	GlobalSection(SolutionProperties) = preSolution
		HideSolutionNode = FALSE
	EndGlobalSection
EndGlobal
